
Microsoft Visual Studio Solution File, Format Version 12.00
# Visual Studio Version 17
VisualStudioVersion = 17.3.32929.385
MinimumVisualStudioVersion = 10.0.40219.1
Project("{FAE04EC0-301F-11D3-BF4B-00C04F79EFBC}") = "WebAPI", "WebAPI\WebAPI.csproj", "{0DB53889-91F4-412F-8882-7CF0805938B9}"
EndProject
Global
	GlobalSection(SolutionConfigurationPlatforms) = preSolution
		Debug|Any CPU = Debug|Any CPU
		Release|Any CPU = Release|Any CPU
	EndGlobalSection
	GlobalSection(ProjectConfigurationPlatforms) = postSolution
		{0DB53889-91F4-412F-8882-7CF0805938B9}.Debug|Any CPU.ActiveCfg = Debug|Any CPU
		{0DB53889-91F4-412F-8882-7CF0805938B9}.Debug|Any CPU.Build.0 = Debug|Any CPU
		{0DB53889-91F4-412F-8882-7CF0805938B9}.Release|Any CPU.ActiveCfg = Release|Any CPU
		{0DB53889-91F4-412F-8882-7CF0805938B9}.Release|Any CPU.Build.0 = Release|Any CPU
	EndGlobalSection
	GlobalSection(SolutionProperties) = preSolution
		HideSolutionNode = FALSE
	EndGlobalSection
	GlobalSection(ExtensibilityGlobals) = postSolution
		SolutionGuid = {63D298ED-3E4D-4093-B209-F300E69F8F88}
	EndGlobalSection
EndGlobal
